
Microsoft Visual Studio Solution File, Format Version 12.00
# Visual Studio Version 16
VisualStudioVersion = 16.0.31702.278
MinimumVisualStudioVersion = 10.0.40219.1
Project("{9A19103F-16F7-4668-BE54-9A1E7A4F7556}") = "PS.Domain", "PS.Domain\PS.Domain.csproj", "{A29FF702-EB2F-4D6D-ACB5-771D361EFEDA}"
EndProject
Project("{9A19103F-16F7-4668-BE54-9A1E7A4F7556}") = "PS.Services", "PS.Services\PS.Services.csproj", "{A9F9F00A-B82C-46CA-8CC9-76A335FC556E}"
EndProject
Project("{9A19103F-16F7-4668-BE54-9A1E7A4F7556}") = "PS.GUI", "PS.GUI\PS.GUI.csproj", "{21DC9476-F4B3-40A9-999B-4ED8A693DD98}"
EndProject
Project("{FAE04EC0-301F-11D3-BF4B-00C04F79EFBC}") = "PS.Data", "PS.Data\PS.Data.csproj", "{DFC2C9AD-977C-4EDB-B0FF-14B99E17EBE9}"
EndProject
Global
	GlobalSection(SolutionConfigurationPlatforms) = preSolution
		Debug|Any CPU = Debug|Any CPU
		Release|Any CPU = Release|Any CPU
	EndGlobalSection
	GlobalSection(ProjectConfigurationPlatforms) = postSolution
		{A29FF702-EB2F-4D6D-ACB5-771D361EFEDA}.Debug|Any CPU.ActiveCfg = Debug|Any CPU
		{A29FF702-EB2F-4D6D-ACB5-771D361EFEDA}.Debug|Any CPU.Build.0 = Debug|Any CPU
		{A29FF702-EB2F-4D6D-ACB5-771D361EFEDA}.Release|Any CPU.ActiveCfg = Release|Any CPU
		{A29FF702-EB2F-4D6D-ACB5-771D361EFEDA}.Release|Any CPU.Build.0 = Release|Any CPU
		{A9F9F00A-B82C-46CA-8CC9-76A335FC556E}.Debug|Any CPU.ActiveCfg = Debug|Any CPU
		{A9F9F00A-B82C-46CA-8CC9-76A335FC556E}.Debug|Any CPU.Build.0 = Debug|Any CPU
		{A9F9F00A-B82C-46CA-8CC9-76A335FC556E}.Release|Any CPU.ActiveCfg = Release|Any CPU
		{A9F9F00A-B82C-46CA-8CC9-76A335FC556E}.Release|Any CPU.Build.0 = Release|Any CPU
		{21DC9476-F4B3-40A9-999B-4ED8A693DD98}.Debug|Any CPU.ActiveCfg = Debug|Any CPU
		{21DC9476-F4B3-40A9-999B-4ED8A693DD98}.Debug|Any CPU.Build.0 = Debug|Any CPU
		{21DC9476-F4B3-40A9-999B-4ED8A693DD98}.Release|Any CPU.ActiveCfg = Release|Any CPU
		{21DC9476-F4B3-40A9-999B-4ED8A693DD98}.Release|Any CPU.Build.0 = Release|Any CPU
		{DFC2C9AD-977C-4EDB-B0FF-14B99E17EBE9}.Debug|Any CPU.ActiveCfg = Debug|Any CPU
		{DFC2C9AD-977C-4EDB-B0FF-14B99E17EBE9}.Debug|Any CPU.Build.0 = Debug|Any CPU
		{DFC2C9AD-977C-4EDB-B0FF-14B99E17EBE9}.Release|Any CPU.ActiveCfg = Release|Any CPU
		{DFC2C9AD-977C-4EDB-B0FF-14B99E17EBE9}.Release|Any CPU.Build.0 = Release|Any CPU
	EndGlobalSection
	GlobalSection(SolutionProperties) = preSolution
		HideSolutionNode = FALSE
	EndGlobalSection
	GlobalSection(ExtensibilityGlobals) = postSolution
		SolutionGuid = {58718612-F4E7-4FF7-ACB6-290E52936D99}
	EndGlobalSection
EndGlobal
